
Microsoft Visual Studio Solution File, Format Version 12.00
# Visual Studio 14
VisualStudioVersion = 14.0.25420.1
MinimumVisualStudioVersion = 10.0.40219.1
Project("{FAE04EC0-301F-11D3-BF4B-00C04F79EFBC}") = "KingsleyCodingTest", "KingsleyCodingTest\KingsleyCodingTest.csproj", "{73A9B37B-7075-49B7-B555-697609F1BC8D}"
EndProject
Project("{FAE04EC0-301F-11D3-BF4B-00C04F79EFBC}") = "UniqueWordCounter", "UniqueWordCounter\UniqueWordCounter.csproj", "{AFA8202F-3694-453B-9672-7B162EE3351F}"
EndProject
Global
	GlobalSection(SolutionConfigurationPlatforms) = preSolution
		Debug|Any CPU = Debug|Any CPU
		Release|Any CPU = Release|Any CPU
	EndGlobalSection
	GlobalSection(ProjectConfigurationPlatforms) = postSolution
		{73A9B37B-7075-49B7-B555-697609F1BC8D}.Debug|Any CPU.ActiveCfg = Debug|Any CPU
		{73A9B37B-7075-49B7-B555-697609F1BC8D}.Debug|Any CPU.Build.0 = Debug|Any CPU
		{73A9B37B-7075-49B7-B555-697609F1BC8D}.Release|Any CPU.ActiveCfg = Release|Any CPU
		{73A9B37B-7075-49B7-B555-697609F1BC8D}.Release|Any CPU.Build.0 = Release|Any CPU
		{AFA8202F-3694-453B-9672-7B162EE3351F}.Debug|Any CPU.ActiveCfg = Debug|Any CPU
		{AFA8202F-3694-453B-9672-7B162EE3351F}.Debug|Any CPU.Build.0 = Debug|Any CPU
		{AFA8202F-3694-453B-9672-7B162EE3351F}.Release|Any CPU.ActiveCfg = Release|Any CPU
		{AFA8202F-3694-453B-9672-7B162EE3351F}.Release|Any CPU.Build.0 = Release|Any CPU
	EndGlobalSection
	GlobalSection(SolutionProperties) = preSolution
		HideSolutionNode = FALSE
	EndGlobalSection
EndGlobal
